version = 1
revision = 3
requires-python = ">=3.14"
resolution-markers = [
    "sys_platform == 'win32'",
    "sys_platform == 'emscripten'",
    "sys_platform != 'emscripten' and sys_platform != 'win32'",
]

[[package]]
name = "anyio"
version = "4.14.2"
source = { registry = "https://pypi.org/simple" }
dependencies = [
    { name = "idna" },
]
sdist = { url = "https://files.pythonhosted.org/packages/61/cc/a381afa6efea9f496eff839d4a6a1aed3bfafc7b3ab4b0d1b243a12573dd/anyio-4.14.2.tar.gz", hash = "sha256:cfa139f3ed1a23ee8f88a145ddb5ac7605b8bbfd8592baacd7ce3d8bb4313c7f", size = 260176, upload-time = "2026-07-12T20:29:07.082Z" }
wheels = [
    { url = "https://files.pythonhosted.org/packages/da/35/f2287558c17e29fafc8ef3daf819bb9834061cfa43bff8014f7df7f63bdc/anyio-4.14.2-py3-none-any.whl", hash = "sha256:9f505dda5ac9f0c8309b5e8bd445a8c2bf7246f3ce950121e45ea15bc41d1494", size = 125813, upload-time = "2026-07-12T20:29:05.763Z" },
]

[[package]]
name = "ave-signal-trade"
version = "0.1.0"
source = { virtual = "." }
dependencies = [
    { name = "python-telegram-bot" },
    { name = "solders" },
    { name = "telegramify-markdown" },
    { name = "telethon" },
    { name = "websockets" },
]

[package.metadata]
requires-dist = [
    { name = "python-telegram-bot", specifier = ">=22.8" },
    { name = "solders", specifier = ">=0.29.0" },
    { name = "telegramify-markdown", specifier = ">=1.2.0" },
    { name = "telethon", specifier = ">=1.44.0" },
    { name = "websockets", specifier = ">=17.0.1" },
]

[[package]]
name = "certifi"
version = "2026.7.22"
source = { registry = "https://pypi.org/simple" }
sdist = { url = "https://files.pythonhosted.org/packages/a3/c2/24167ea9858356b47a87a50d39908bfdb72ceeefe0041586e704e5376b3a/certifi-2026.7.22.tar.gz", hash = "sha256:741e2c3b351ddf169a738da9f2c048608ff7f2c5cc02f1ebc6b118bb090d5d55", size = 138112, upload-time = "2026-07-22T03:35:12.644Z" }
wheels = [
    { url = "https://files.pythonhosted.org/packages/0b/a7/71ac2cff56fec219ed242bb11b8efb69fcc4bec75db06fb7bfe35de520e6/certifi-2026.7.22-py3-none-any.whl", hash = "sha256:62f22742b58a1a33014a2b6b706588a8d7e2a88ae7bd1a6ebe8c992928483775", size = 136983, upload-time = "2026-07-22T03:35:11.276Z" },
]

[[package]]
name = "h11"
version = "0.16.0"
source = { registry = "https://pypi.org/simple" }
sdist = { url = "https://files.pythonhosted.org/packages/01/ee/02a2c011bdab74c6fb3c75474d40b3052059d95df7e73351460c8588d963/h11-0.16.0.tar.gz", hash = "sha256:4e35b956cf45792e4caa5885e69fba00bdbc6ffafbfa020300e549b208ee5ff1", size = 101250, upload-time = "2025-04-24T03:35:25.427Z" }
wheels = [
    { url = "https://files.pythonhosted.org/packages/04/4b/29cac41a4d98d144bf5f6d33995617b185d14b22401f75ca86f384e87ff1/h11-0.16.0-py3-none-any.whl", hash = "sha256:63cf8bbe7522de3bf65932fda1d9c2772064ffb3dae62d55932da54b31cb6c86", size = 37515, upload-time = "2025-04-24T03:35:24.344Z" },
]

[[package]]
name = "httpcore"
version = "1.0.9"
source = { registry = "https://pypi.org/simple" }
dependencies = [
    { name = "certifi" },
    { name = "h11" },
]
sdist = { url = "https://files.pythonhosted.org/packages/06/94/82699a10bca87a5556c9c59b5963f2d039dbd239f25bc2a63907a05a14cb/httpcore-1.0.9.tar.gz", hash = "sha256:6e34463af53fd2ab5d807f399a9b45ea31c3dfa2276f15a2c3f00afff6e176e8", size = 85484, upload-time = "2025-04-24T22:06:22.219Z" }
wheels = [
    { url = "https://files.pythonhosted.org/packages/7e/f5/f66802a942d491edb555dd61e3a9961140fd64c90bce1eafd741609d334d/httpcore-1.0.9-py3-none-any.whl", hash = "sha256:2d400746a40668fc9dec9810239072b40b4484b640a8c38fd654a024c7a1bf55", size = 78784, upload-time = "2025-04-24T22:06:20.566Z" },
]

[[package]]
name = "httpx"
version = "0.28.1"
source = { registry = "https://pypi.org/simple" }
dependencies = [
    { name = "anyio" },
    { name = "certifi" },
    { name = "httpcore" },
    { name = "idna" },
]
sdist = { url = "https://files.pythonhosted.org/packages/b1/df/48c586a5fe32a0f01324ee087459e112ebb7224f646c0b5023f5e79e9956/httpx-0.28.1.tar.gz", hash = "sha256:75e98c5f16b0f35b567856f597f06ff2270a374470a5c2392242528e3e3e42fc", size = 141406, upload-time = "2024-12-06T15:37:23.222Z" }
wheels = [
    { url = "https://files.pythonhosted.org/packages/2a/39/e50c7c3a983047577ee07d2a9e53faf5a69493943ec3f6a384bdc792deb2/httpx-0.28.1-py3-none-any.whl", hash = "sha256:d909fcccc110f8c7faf814ca82a9a4d816bc5a6dbfea25d6591d6985b8ba59ad", size = 73517, upload-time = "2024-12-06T15:37:21.509Z" },
]

[[package]]
name = "idna"
version = "3.18"
source = { registry = "https://pypi.org/simple" }
sdist = { url = "https://files.pythonhosted.org/packages/cd/63/9496c57188a2ee585e0f1db071d75089a11e98aa86eb99d9d7618fc1edce/idna-3.18.tar.gz", hash = "sha256:ffb385a7e039654cef1ab9ef32c6fafe283c0c0467bba1d9029738ce4a14a848", size = 196711, upload-time = "2026-06-02T14:34:07.794Z" }
wheels = [
    { url = "https://files.pythonhosted.org/packages/1e/5e/d4e9f1a599fb8e573b7b87160658329fbf28d19eac2718f51fc3def3aa5a/idna-3.18-py3-none-any.whl", hash = "sha256:7f952cbe720b688055e3f87de14f5c3e5fdaa8bc3928985c4077ca689de849a2", size = 65455, upload-time = "2026-06-02T14:34:06.319Z" },
]

[[package]]
name = "jsonalias"
version = "0.1.1"
source = { registry = "https://pypi.org/simple" }
sdist = { url = "https://files.pythonhosted.org/packages/ec/45/ee7e17002cb7f3264f755ff6a1a72c55d1830e07808d643167d2a2277c4f/jsonalias-0.1.1.tar.gz", hash = "sha256:64f04d935397d579fc94509e1fcb6212f2d081235d9d6395bd10baedf760a769", size = 1095, upload-time = "2022-10-28T22:57:56.224Z" }
wheels = [
    { url = "https://files.pythonhosted.org/packages/41/ed/05aebce69f78c104feff2ffcdd5a6f9d668a208aba3a8bf56e3750809fd8/jsonalias-0.1.1-py3-none-any.whl", hash = "sha256:a56d2888e6397812c606156504e861e8ec00e188005af149f003c787db3d3f18", size = 1312, upload-time = "2022-10-28T22:57:54.763Z" },
]

[[package]]
name = "pyaes"
version = "1.6.1"
source = { registry = "https://pypi.org/simple" }
sdist = { url = "https://files.pythonhosted.org/packages/44/66/2c17bae31c906613795711fc78045c285048168919ace2220daa372c7d72/pyaes-1.6.1.tar.gz", hash = "sha256:02c1b1405c38d3c370b085fb952dd8bea3fadcee6411ad99f312cc129c536d8f", size = 28536, upload-time = "2017-09-20T21:17:54.23Z" }

[[package]]
name = "pyasn1"
version = "0.6.4"
source = { registry = "https://pypi.org/simple" }
sdist = { url = "https://files.pythonhosted.org/packages/a4/9a/23310166d960def5897e91fe20e5b724601b02a22e84ba1f94232c0b7f67/pyasn1-0.6.4.tar.gz", hash = "sha256:9c447d8431c947fe4c8febc4ed9e760bc29011a5b01e5c74b67025bd9fb8ce81", size = 151262, upload-time = "2026-07-09T01:12:33.988Z" }
wheels = [
    { url = "https://files.pythonhosted.org/packages/9a/3b/6163796d69c3977d1e4287bea4a6979161cbbdd170ebb430511e8e1999ce/pyasn1-0.6.4-py3-none-any.whl", hash = "sha256:deda9277cfd454080ec40b207fb6df82206a3a2688735233cdcd8d3d565f088b", size = 84410, upload-time = "2026-07-09T01:12:32.92Z" },
]

[[package]]
name = "pyromark"
version = "0.9.13"
source = { registry = "https://pypi.org/simple" }
dependencies = [
    { name = "typing-extensions" },
]
sdist = { url = "https://files.pythonhosted.org/packages/ba/38/07cb1d1571c9b55fd8da8c20e44af9401bbf6707bdea3faafd85fda28a28/pyromark-0.9.13.tar.gz", hash = "sha256:698ad208ea8960e1f65fdbf8d65e5f967bbdc8bc3dd904e3a451dc3a5d073fb2", size = 9040, upload-time = "2026-06-13T02:01:32.193Z" }
wheels = [
    { url = "https://files.pythonhosted.org/packages/b5/b7/1c8da64c55ad0232cad4126501cd28a3642eee04c6209efca5b325ef16e1/pyromark-0.9.13-cp314-cp314-macosx_10_12_x86_64.whl", hash = "sha256:1d3c41b6d6308d389fbfd9bee9a330dda9268c3449ca5bd525bc6964810d58e5", size = 347437, upload-time = "2026-06-13T02:00:05.367Z" },
    { url = "https://files.pythonhosted.org/packages/fa/94/26f4bc33dfbf1a478131b03e23dff208e306cbdb031fe01d6b297052ac21/pyromark-0.9.13-cp314-cp314-macosx_11_0_arm64.whl", hash = "sha256:fe531f8d92c6484452d08bdfc66fb8d8bca80b05f8eddfc2c42891c9e142546a", size = 329630, upload-time = "2026-06-13T02:02:46.463Z" },
    { url = "https://files.pythonhosted.org/packages/07/6b/4aad0b683b86261d4a3a662b42e71f7624dd2cefc84b10249aa581bf167f/pyromark-0.9.13-cp314-cp314-manylinux_2_17_aarch64.manylinux2014_aarch64.whl", hash = "sha256:d3079f1d253765b8965060181aa1e817822507d160f5237fce008fea26959875", size = 362036, upload-time = "2026-06-13T02:00:25.735Z" },
    { url = "https://files.pythonhosted.org/packages/48/a6/76fa614ff0f6ad7d99d28afcd2e74c6b21c93c698e8569b7823c6204b3f4/pyromark-0.9.13-cp314-cp314-manylinux_2_17_armv7l.manylinux2014_armv7l.whl", hash = "sha256:9468c0383a1173a04c10bceb26a8c0bcae51e86e963a361948a729314fe021ca", size = 359717, upload-time = "2026-06-13T02:03:12.704Z" },
    { url = "https://files.pythonhosted.org/packages/8c/16/237af7f764b0ebef1d057ee20540ec2a6faddbc1b8a5183dcdfcfc48788f/pyromark-0.9.13-cp314-cp314-manylinux_2_17_i686.manylinux2014_i686.whl", hash = "sha256:f19cd1dd8f7b750f06985ae531603c6a8202317680dba48bdef0638c78d8fd80", size = 384772, upload-time = "2026-06-13T02:00:37.017Z" },
    { url = "https://files.pythonhosted.org/packages/df/ff/b308fa0a0850db259344dca420a2395fbe6b949211d49e172f11e318b2cd/pyromark-0.9.13-cp314-cp314-manylinux_2_17_ppc64.manylinux2014_ppc64.whl", hash = "sha256:a473872442852e08a44ea5408adcd1e80dca14df0a08c73c66c52351a5fd639e", size = 416289, upload-time = "2026-06-13T02:00:56.7Z" },
    { url = "https://files.pythonhosted.org/packages/43/4a/2945b2bde40da9d4a1ad948c292029a167617fc1e0786237da8d32afbf7a/pyromark-0.9.13-cp314-cp314-manylinux_2_17_ppc64le.manylinux2014_ppc64le.whl", hash = "sha256:d91f2b0a31784559ed7faa395931d633913b0a5f42d62f9181a2d95860c72d72", size = 408555, upload-time = "2026-06-13T02:03:45.177Z" },
    { url = "https://files.pythonhosted.org/packages/9b/5d/db987f142840d923224be3712b4ec424b5932c01621750ac3fbd97a217c0/pyromark-0.9.13-cp314-cp314-manylinux_2_17_s390x.manylinux2014_s390x.whl", hash = "sha256:8615a56ec483605777bfd79ece80ccde1321bbf7b2b95ed8c7a855deba7fd824", size = 447472, upload-time = "2026-06-13T02:01:34.471Z" },
    { url = "https://files.pythonhosted.org/packages/c8/31/11aaa8d23672aa6ee082fccafaf51a37039947571f71d10fd43692a1628f/pyromark-0.9.13-cp314-cp314-manylinux_2_17_x86_64.manylinux2014_x86_64.whl", hash = "sha256:43ab264c3dc47d34b214ed776b6736aa9163ea45a5edf81314162af1b5a0be4b", size = 369693, upload-time = "2026-06-13T02:03:46.842Z" },
    { url = "https://files.pythonhosted.org/packages/5d/28/245d02193ca4278719bb933770905c41c308da233e4e41760a9e2ce671d8/pyromark-0.9.13-cp314-cp314-manylinux_2_28_aarch64.whl", hash = "sha256:d287146af4d28e092f1e8f8fd88148ce58ed76f4130ff7aee4f6c3b15e8c4a35", size = 362739, upload-time = "2026-06-13T02:00:12.131Z" },
    { url = "https://files.pythonhosted.org/packages/52/ba/241052c75e4453bf78aa14f2d313dde17bbb5b1e21fb9649d5991e195750/pyromark-0.9.13-cp314-cp314-manylinux_2_28_armv7l.whl", hash = "sha256:df32934dce2acb1466c84a9acc2915f4f6c2f536860cf0dbd1a78998cd955635", size = 359642, upload-time = "2026-06-13T02:01:40.21Z" },
    { url = "https://files.pythonhosted.org/packages/36/57/9283323b99eb5bc759f74f039f810e712a2adf00b3870b137cacc638b00e/pyromark-0.9.13-cp314-cp314-manylinux_2_28_i686.whl", hash = "sha256:ef0b0c55daf3c945e562881b2af75be18e3b9ec3aed1ec29144326e9e960cfb5", size = 385198, upload-time = "2026-06-13T02:01:03.935Z" },
    { url = "https://files.pythonhosted.org/packages/68/45/37c0a6f0ce92d8aad9d5f8c62ce3e99ee47c8dc5ef5b90409bcf480300f5/pyromark-0.9.13-cp314-cp314-manylinux_2_28_ppc64le.whl", hash = "sha256:133cd93c97fe1c65ff63d5ac722ea918ec0883515f86d758daea1b1c9aa024a0", size = 408650, upload-time = "2026-06-13T02:01:09.114Z" },
    { url = "https://files.pythonhosted.org/packages/f9/8d/cc25266b5c40aa32f216ac459e4f3d89eed31d9a4b45ad7296b860920562/pyromark-0.9.13-cp314-cp314-manylinux_2_28_s390x.whl", hash = "sha256:1a0c839de71d7813654965aa222ba404c40c993a46229eeef20cc27a3fd884f6", size = 447635, upload-time = "2026-06-13T02:02:12.81Z" },
    { url = "https://files.pythonhosted.org/packages/6c/68/546efc43d3df2f31628970b0a515071f651470c3f33d707c6d5dd890fe69/pyromark-0.9.13-cp314-cp314-manylinux_2_28_x86_64.whl", hash = "sha256:46a26c93965b17de983a1a169c3935e1f3ae15551c4b17f40ff172f5b2eedece", size = 369977, upload-time = "2026-06-13T02:00:35.876Z" },
    { url = "https://files.pythonhosted.org/packages/0e/a6/42ed1dfa32e087b00088215c91f27513da48c6dec1abe6ce95b1dd7a89d8/pyromark-0.9.13-cp314-cp314-manylinux_2_31_riscv64.whl", hash = "sha256:9cce837290c65852740bc650bf07f744f45d6f1f2f5447a7051d445b5fa04f83", size = 372058, upload-time = "2026-06-13T02:03:53.488Z" },
    { url = "https://files.pythonhosted.org/packages/32/de/0c6046e98e01c8c0b802e715a395b06a5103a37aff512e1686b13bcfdb2a/pyromark-0.9.13-cp314-cp314-musllinux_1_2_aarch64.whl", hash = "sha256:15a9f09accde95cc1b78c4e5f2b54004eb40db46d83d3f6347462d91572f129b", size = 539682, upload-time = "2026-06-13T02:00:24.228Z" },
    { url = "https://files.pythonhosted.org/packages/11/dd/b0503550f2b611c27ed3da06a3b2b0def0f2939c607d6e69e0038e967545/pyromark-0.9.13-cp314-cp314-musllinux_1_2_armv7l.whl", hash = "sha256:47f98ab69003cba0898fc17a0616409b368ac4312b50e28c98d42b5c28506a97", size = 635962, upload-time = "2026-06-13T02:03:48.458Z" },
    { url = "https://files.pythonhosted.org/packages/94/c0/b0e1e4161831ab42fdc8e2898f01629c49d882bb9ce9cc597b9c80332816/pyromark-0.9.13-cp314-cp314-musllinux_1_2_i686.whl", hash = "sha256:387deaf82ff2b5efea2692882495d0c7a579d4d51b568a0a3c3b5b4f33dc14a0", size = 603246, upload-time = "2026-06-13T02:02:57.899Z" },
    { url = "https://files.pythonhosted.org/packages/9a/7b/17f30ea5f15fbe0b298fd413be9822e75ac783f43035a813b99212e1a318/pyromark-0.9.13-cp314-cp314-musllinux_1_2_ppc64le.whl", hash = "sha256:31afa7c3915c91c2a743d90daffdfcf007f969ac1acc459b505d589de12290a2", size = 539687, upload-time = "2026-06-13T02:03:09.496Z" },
    { url = "https://files.pythonhosted.org/packages/e3/05/465c02372cd08c9cbc7150bd857e770240516c16a7e6598cc0e7b78bc79f/pyromark-0.9.13-cp314-cp314-musllinux_1_2_riscv64.whl", hash = "sha256:622ec0643cb14f5e2660af330984e5408b55f29a9dea2bbda6dd4c6c6b45a0ee", size = 545981, upload-time = "2026-06-13T02:03:58.526Z" },
    { url = "https://files.pythonhosted.org/packages/4f/31/a595d689363b20170a0f42fa64e4ac2b767e8a52ed594edd912696f067bc/pyromark-0.9.13-cp314-cp314-musllinux_1_2_x86_64.whl", hash = "sha256:850d141ed6b90cb5dd4e4d64b1cf5c126bc77d2dd07be674d4b7ec8536fff777", size = 589612, upload-time = "2026-06-13T02:00:16.514Z" },
    { url = "https://files.pythonhosted.org/packages/5e/09/ebad22792a6c8e15c8d598e196a5f1de08f04155181fb00bae5f8c5dc596/pyromark-0.9.13-cp314-cp314-win32.whl", hash = "sha256:5169d3fb0036348357e26a394d071e9e9dea29bdd4d7e4a238108d265d62a294", size = 259636, upload-time = "2026-06-13T02:03:42.11Z" },
    { url = "https://files.pythonhosted.org/packages/25/ca/f032fd9dc9438a872e887bc8a336fce5857a9906d8ab1528d6f567937ec9/pyromark-0.9.13-cp314-cp314-win_amd64.whl", hash = "sha256:2f2dcdd6d73ee43eb04d955561f6dabec4f2113e2270923e96bcc046eab22153", size = 273010, upload-time = "2026-06-13T02:00:45.206Z" },
    { url = "https://files.pythonhosted.org/packages/4d/d9/769a66192dd7bdbb11d17e05a8d8ab785f9af2ae3c4c133e0b3ed2312cca/pyromark-0.9.13-cp314-cp314-win_arm64.whl", hash = "sha256:daa632304574031b4a6da6c20cc099b3e74bdac1409f42aa1529ce265e655e56", size = 259440, upload-time = "2026-06-13T02:01:14.044Z" },
    { url = "https://files.pythonhosted.org/packages/e0/bb/6106c448e9596179cabda8c6cc824ed8dad459db3fa5a7864ce3fa2e1264/pyromark-0.9.13-cp314-cp314t-macosx_10_12_x86_64.whl", hash = "sha256:c4171e025a65dcb4d95bf095227d3e3d06c09cfcd079153fcb8abbb30e3abefa", size = 346149, upload-time = "2026-06-13T02:02:23.017Z" },
    { url = "https://files.pythonhosted.org/packages/5e/08/d3640f4cd8e12dd70db0307bd4bea0c37af357cc6a1a19a2d9725b4858f8/pyromark-0.9.13-cp314-cp314t-macosx_11_0_arm64.whl", hash = "sha256:891ef8d99d05f797a198151e4e59f9a1973e8ac3edf5ca6eb1975161ba5cce5f", size = 328387, upload-time = "2026-06-13T02:03:04.522Z" },
    { url = "https://files.pythonhosted.org/packages/75/3d/959a4d6457b0d77a7fdfe08290b8d30fa2a72e3beed84bde35d13f9d93c6/pyromark-0.9.13-cp314-cp314t-manylinux_2_17_aarch64.manylinux2014_aarch64.whl", hash = "sha256:5d48ac3eba2fcd29010bca0b033cdb0d2c646c8644311f98f1ebdbcf07693007", size = 360632, upload-time = "2026-06-13T02:02:08.57Z" },
    { url = "https://files.pythonhosted.org/packages/26/3e/d15e327bafcd589342e99fda4d1d8994b928fd1603113c9e76462eab4933/pyromark-0.9.13-cp314-cp314t-manylinux_2_17_armv7l.manylinux2014_armv7l.whl", hash = "sha256:5f14c123f67d6dd1a53b803e088fa9cff33f0f79315c63d18180ceb0bb925465", size = 357516, upload-time = "2026-06-13T02:02:27.342Z" },
    { url = "https://files.pythonhosted.org/packages/24/66/11c9fda9e2ef8de46d8e798e6121e2bc2c20070d49feb91cec7a5183cab8/pyromark-0.9.13-cp314-cp314t-manylinux_2_17_i686.manylinux2014_i686.whl", hash = "sha256:910d311bd34eed7f65e77f5c26d8dc5132f0510e211efda4630ad86435d4152e", size = 383109, upload-time = "2026-06-13T02:01:02.776Z" },
    { url = "https://files.pythonhosted.org/packages/11/7b/ca8b1851299f8f66789455b56cf7f3e3acb9680540047cc15129ebb3f7de/pyromark-0.9.13-cp314-cp314t-manylinux_2_17_ppc64.manylinux2014_ppc64.whl", hash = "sha256:6f68d4edf37585711b651984038375f129beb74e968bd25765490d2d09844cce", size = 414248, upload-time = "2026-06-13T02:02:59.713Z" },
    { url = "https://files.pythonhosted.org/packages/8f/e2/d6229864a19890e9255b9406c12deffe08f8889e873a24fe6feae0dcfdc0/pyromark-0.9.13-cp314-cp314t-manylinux_2_17_ppc64le.manylinux2014_ppc64le.whl", hash = "sha256:1c67aef3368a268b840d26f3377e8fc91277ff04fdf0fabeb683f16aa93f2cf5", size = 406156, upload-time = "2026-06-13T02:02:35.099Z" },
    { url = "https://files.pythonhosted.org/packages/10/0b/05e84d94fb29fb199ad0359ef1e0a66c5a8eb6224dd1b9122d1c5e230b72/pyromark-0.9.13-cp314-cp314t-manylinux_2_17_s390x.manylinux2014_s390x.whl", hash = "sha256:64544805d773ec1dcc5eb27aaaf6dfb9c35becf0986c6b591735e0d3143d692e", size = 445470, upload-time = "2026-06-13T02:02:52.967Z" },
    { url = "https://files.pythonhosted.org/packages/26/b7/a2a126977df3b91014c8bb7d6b115157cb07f5cd9e5538fac2eee977e88d/pyromark-0.9.13-cp314-cp314t-manylinux_2_17_x86_64.manylinux2014_x86_64.whl", hash = "sha256:fe417c102bd6db7fa242a010b8577e70deac83a7061bfe0dd312ae5589c15258", size = 368458, upload-time = "2026-06-13T02:01:01.573Z" },
    { url = "https://files.pythonhosted.org/packages/41/72/6207e862048922c45281f3dc5a28345607818d25c9f5ff086bc5362f4532/pyromark-0.9.13-cp314-cp314t-manylinux_2_28_aarch64.whl", hash = "sha256:1942593ab01c9ec47793f41a23e7397c7ee5f27f19afa182b4e4eb0301c35062", size = 361320, upload-time = "2026-06-13T02:01:15.273Z" },
    { url = "https://files.pythonhosted.org/packages/b4/36/1eda76a2cfbc1c5847e5cbadf94cb2cf1e0906f752f2efeb8ec78df375d9/pyromark-0.9.13-cp314-cp314t-manylinux_2_28_armv7l.whl", hash = "sha256:f3d1ea1d809427c464eb93707a3986f17d45a7443467c87ae2172fbb3d121584", size = 357506, upload-time = "2026-06-13T02:00:40.673Z" },
    { url = "https://files.pythonhosted.org/packages/26/19/7b5992b5d25b6a584ec3f6109dfacec5f806ccb793dcf6a62ec018977d0e/pyromark-0.9.13-cp314-cp314t-manylinux_2_28_i686.whl", hash = "sha256:a5bba1de9b7536149ffbbfbf8de1695d474969f6ee01cad2297a7ee65d7efff8", size = 383548, upload-time = "2026-06-13T02:02:18.963Z" },
    { url = "https://files.pythonhosted.org/packages/84/41/ce93e8875513e6942af27c2f466c77f101a114d013cf9eb6bb60d5bd5695/pyromark-0.9.13-cp314-cp314t-manylinux_2_28_ppc64le.whl", hash = "sha256:f7d78a4fa198ebc4e35f6cee819728e219572466cdd4e50e48b2dca67b03eb12", size = 406280, upload-time = "2026-06-13T02:01:48.529Z" },
    { url = "https://files.pythonhosted.org/packages/fd/1c/02d0276a4eb3223955a6282e2286600a5d669e1b7f0c4fba1394b7599c81/pyromark-0.9.13-cp314-cp314t-manylinux_2_28_s390x.whl", hash = "sha256:87c550ee33d2c2d18669e72826f7493d72683e8754614bf084d04afd141d6e9d", size = 445559, upload-time = "2026-06-13T02:01:36.141Z" },
    { url = "https://files.pythonhosted.org/packages/fe/92/0a117e1451d7dd606d7b8e2f11c89e98db49648498af677b4c25b113d425/pyromark-0.9.13-cp314-cp314t-manylinux_2_28_x86_64.whl", hash = "sha256:4e7b7c304e193e88d07a1a73dc0ec314b50ddb49d392c112a5c94b00f46cfe78", size = 368775, upload-time = "2026-06-13T02:02:15.955Z" },
    { url = "https://files.pythonhosted.org/packages/bb/39/364bc3ed8fa65198cdd11eb6106f13c50dfa5ad214da84bcfc19cc6d2280/pyromark-0.9.13-cp314-cp314t-manylinux_2_31_riscv64.whl", hash = "sha256:d40e67ca347fe30487436c1b877542cf1cb4c25151ea089c08dac29797a86c56", size = 370596, upload-time = "2026-06-13T02:00:34.637Z" },
    { url = "https://files.pythonhosted.org/packages/fd/b9/7fdbde0f686e1a39f2abe845d9faaabea2462cec781076f6ad9a6b414fbc/pyromark-0.9.13-cp314-cp314t-musllinux_1_2_aarch64.whl", hash = "sha256:fa37a7459bdfe974b325c76584811921d4dc0bff6fe0d9e29105ff3fc3846efb", size = 537825, upload-time = "2026-06-13T02:02:25.881Z" },
    { url = "https://files.pythonhosted.org/packages/f2/3e/c4db2d4807e00e17c2822908fdd9321f7796e397533e10356566b36c1fb9/pyromark-0.9.13-cp314-cp314t-musllinux_1_2_armv7l.whl", hash = "sha256:fe747a884ffbf29d473ca39233a529eda3d120fdd26bdce5ed0efff23c3cb2eb", size = 634026, upload-time = "2026-06-13T02:01:12.795Z" },
    { url = "https://files.pythonhosted.org/packages/39/3f/9cb933795daf93608919a60219860c46337342a2b6bf25116b15ddd4350b/pyromark-0.9.13-cp314-cp314t-musllinux_1_2_i686.whl", hash = "sha256:076ba65aaa2deb6aa16dfaf9d67e41a1dbed576847d1e30e99f1dfb31aa4b00a", size = 601409, upload-time = "2026-06-13T02:00:22.025Z" },
    { url = "https://files.pythonhosted.org/packages/f6/56/723f84b4c5136a964282e8604445f33a986ebea4be3dd7c1473641fc3a3c/pyromark-0.9.13-cp314-cp314t-musllinux_1_2_ppc64le.whl", hash = "sha256:fad077fb48fec838a504a53019533b6130f4745aa919cf3f1b6bf556dcef65e7", size = 537827, upload-time = "2026-06-13T02:00:08.64Z" },
    { url = "https://files.pythonhosted.org/packages/65/bf/14443d38b099ef773262c83cfb2f706ac8ea927f6596a44af1bd5b772b7c/pyromark-0.9.13-cp314-cp314t-musllinux_1_2_riscv64.whl", hash = "sha256:2b2d622243812c22fdceef303bbcf83cd276e27cfd0804f3cb453b8df741e475", size = 544313, upload-time = "2026-06-13T02:00:33.523Z" },
    { url = "https://files.pythonhosted.org/packages/bf/2a/931e48aa458c2545ba6455c64fe378a111a6a1660f6c77c28a5697582b43/pyromark-0.9.13-cp314-cp314t-musllinux_1_2_x86_64.whl", hash = "sha256:0fa65870cb07a0749c17a4f06abe22d9567e3ac375ae44b9821e05fce9b665db", size = 588359, upload-time = "2026-06-13T02:00:54.466Z" },
    { url = "https://files.pythonhosted.org/packages/83/90/74620f80b32e65a141a978857b1a68a4d0d0f85b3b91b457ea45c41780b9/pyromark-0.9.13-cp314-cp314t-win32.whl", hash = "sha256:f9726b38ddf551828297e78aa9d5596ff060ac5809cc515944fe88c9a171d87f", size = 259394, upload-time = "2026-06-13T02:03:17.596Z" },
    { url = "https://files.pythonhosted.org/packages/ea/99/dbe1885fc2cda0c3e3268dd7e4a6470bc893559b4fb7d6defffd430c729f/pyromark-0.9.13-cp314-cp314t-win_amd64.whl", hash = "sha256:245995a170b590422fefed495b5357075e2f7130b03aa36cf4f1383fdc38ee24", size = 273007, upload-time = "2026-06-13T02:00:48.823Z" },
    { url = "https://files.pythonhosted.org/packages/5c/e4/5d56922736d9560c7febd2012faa1005ce4793468afdcb43bb10d89cabae/pyromark-0.9.13-cp314-cp314t-win_arm64.whl", hash = "sha256:83b04e9de01d75a92c52aa86823c6467636112d2a3f83eae963d4e327af21e2b", size = 259002, upload-time = "2026-06-13T02:03:11.031Z" },
]

[[package]]
name = "python-telegram-bot"
version = "22.8"
source = { registry = "https://pypi.org/simple" }
dependencies = [
    { name = "httpcore" },
    { name = "httpx" },
]
sdist = { url = "https://files.pythonhosted.org/packages/ba/77/153517bb1ac1bba670c6fb1dbf09e1fd0730494b1705934e715391413a0d/python_telegram_bot-22.8.tar.gz", hash = "sha256:f9d3847fcb23ee603477e442800b33bb4adf851a73e0619d2050be879decf1ef", size = 1551700, upload-time = "2026-06-12T08:10:29.1Z" }
wheels = [
    { url = "https://files.pythonhosted.org/packages/60/7c/ed7d4dd94280bd434173cae9f7a7aedaaab9af128ae4f494423a5687c820/python_telegram_bot-22.8-py3-none-any.whl", hash = "sha256:42373918097f1b837cc4e717d588c19ea79651497ec712bb5b0c76e5e63c50e1", size = 769397, upload-time = "2026-06-12T08:10:27.066Z" },
]

[[package]]
name = "rsa"
version = "4.9.1"
source = { registry = "https://pypi.org/simple" }
dependencies = [
    { name = "pyasn1" },
]
sdist = { url = "https://files.pythonhosted.org/packages/da/8a/22b7beea3ee0d44b1916c0c1cb0ee3af23b700b6da9f04991899d0c555d4/rsa-4.9.1.tar.gz", hash = "sha256:e7bdbfdb5497da4c07dfd35530e1a902659db6ff241e39d9953cad06ebd0ae75", size = 29034, upload-time = "2025-04-16T09:51:18.218Z" }
wheels = [
    { url = "https://files.pythonhosted.org/packages/64/8d/0133e4eb4beed9e425d9a98ed6e081a55d195481b7632472be1af08d2f6b/rsa-4.9.1-py3-none-any.whl", hash = "sha256:68635866661c6836b8d39430f97a996acbd61bfa49406748ea243539fe239762", size = 34696, upload-time = "2025-04-16T09:51:17.142Z" },
]

[[package]]
name = "solders"
version = "0.29.0"
source = { registry = "https://pypi.org/simple" }
dependencies = [
    { name = "jsonalias" },
    { name = "typing-extensions" },
]
sdist = { url = "https://files.pythonhosted.org/packages/bd/83/c73a87e1b3785cc4a95c9fc3aae33c66c55e7653f1a9e7d0889dc55e5ba7/solders-0.29.0.tar.gz", hash = "sha256:c17098cab72a1c202ec4cc0ce3ecbff4296c9de97000e05944337ba5ddb681a8", size = 178847, upload-time = "2026-08-13T17:26:09.846Z" }
wheels = [
    { url = "https://files.pythonhosted.org/packages/63/1c/37586514dd9ff1a861da0fe685257aaf3ddf86db374d35e27bff6eee4175/solders-0.29.0-cp310-abi3-macosx_10_12_x86_64.macosx_11_0_arm64.macosx_10_12_universal2.whl", hash = "sha256:785841623bdd7b8dedc68e7c794b54327d3b03e1ab9697eda90a139ca3c98cfe", size = 22898706, upload-time = "2026-08-13T17:25:49.924Z" },
    { url = "https://files.pythonhosted.org/packages/a9/16/014a7b58d12332420947ae49ed7c7efd030c196d64d58a2944ebdc0f8a88/solders-0.29.0-cp310-abi3-manylinux_2_17_x86_64.manylinux2014_x86_64.whl", hash = "sha256:00524baf575ae5edb2ba43cdb1d80491c59efdc16b48fec96a6f929c0401d0e4", size = 11922708, upload-time = "2026-08-13T17:25:57.574Z" },
    { url = "https://files.pythonhosted.org/packages/80/d9/5176c28534ae3da529fb995cf5e56fbd92731608bbeef2c908168a9a9b84/solders-0.29.0-cp310-abi3-manylinux_2_28_aarch64.whl", hash = "sha256:62e8a5bb4bc8628d5fe49faa56aca149dce284a9f8bf5f3c56c4721e561be84b", size = 12427749, upload-time = "2026-08-13T17:26:00.234Z" },
    { url = "https://files.pythonhosted.org/packages/7f/7e/5ced3f65870efd796d00a22d5aa9f202bdfd8ea6a4c4d6993baf52305c64/solders-0.29.0-cp310-abi3-musllinux_1_2_aarch64.whl", hash = "sha256:9d2e011ff1d5f82a7de81d6eb89f54d002189f50ee48d4a15d7b51849e04b1c3", size = 12552807, upload-time = "2026-08-13T17:26:02.822Z" },
    { url = "https://files.pythonhosted.org/packages/46/a1/68e47cef35fb1c8433fbdc9df802382ee8c44ebe35d9d6cb2995b2077453/solders-0.29.0-cp310-abi3-musllinux_1_2_x86_64.whl", hash = "sha256:09e80c545c728f434f627d3b4714675a0f654c4d387f3339d54f7d09d59f3f1c", size = 12504249, upload-time = "2026-08-13T17:26:05.373Z" },
    { url = "https://files.pythonhosted.org/packages/dd/9c/3db8a38335ff201ea09c2a6fe2f1788ebe4cc5651f97c4953a2011bebdf7/solders-0.29.0-cp310-abi3-win_amd64.whl", hash = "sha256:f36db7b43088866081b5d37ff62668551e30dd136b9ee58a5fb524fcd828082d", size = 11040172, upload-time = "2026-08-13T17:26:07.961Z" },
]

[[package]]
name = "telegramify-markdown"
version = "1.2.0"
source = { registry = "https://pypi.org/simple" }
dependencies = [
    { name = "pyromark" },
]
sdist = { url = "https://files.pythonhosted.org/packages/89/c4/2308a3698b0f723cb2c126f130279fd6ed2ebba0c0f1f6b6799b45d7729b/telegramify_markdown-1.2.0.tar.gz", hash = "sha256:e9fe82b56a1d98045b72a98b09134351e9d36c96d1df240d99e953a89da06325", size = 89307, upload-time = "2026-06-14T00:06:43.737Z" }
wheels = [
    { url = "https://files.pythonhosted.org/packages/ab/ee/bc49efc4a773a36afb70a9db6c9ce0f73bec64e47e7097598c90c161b1bf/telegramify_markdown-1.2.0-py3-none-any.whl", hash = "sha256:f9fb021ec5f944cf312b5aa022e0f7e156ea4651e70fa3df82f3c0a5182f6dfb", size = 61968, upload-time = "2026-06-14T00:06:42.247Z" },
]

[[package]]
name = "telethon"
version = "1.44.0"
source = { registry = "https://pypi.org/simple" }
dependencies = [
    { name = "pyaes" },
    { name = "rsa" },
]
sdist = { url = "https://files.pythonhosted.org/packages/49/e2/d4137e598db0ba50e4cf9bf32f2e26d016b2c4bb0e9763e3d5a07007d780/telethon-1.44.0.tar.gz", hash = "sha256:7de1473e9e412e20bd57b102d8f50d48372712462be9ff6c003bb81c50ad7e98", size = 701463, upload-time = "2026-06-15T15:47:39.44Z" }
wheels = [
    { url = "https://files.pythonhosted.org/packages/82/fd/4ad621d7a4b8655dfc964ee1c1267407496ec6fd10c91901a64ea29c16c8/telethon-1.44.0-py3-none-any.whl", hash = "sha256:52fc49efb67a4916c2aedcb295ad286f4afa2aba9bf15d83ed2acdc64af0c718", size = 789786, upload-time = "2026-06-15T15:47:41.534Z" },
]

[[package]]
name = "typing-extensions"
version = "4.16.0"
source = { registry = "https://pypi.org/simple" }
sdist = { url = "https://files.pythonhosted.org/packages/f6/cc/6253133b5bb138fc3306cebfbda2c520f545d36b5be2c7255cc528bb45d6/typing_extensions-4.16.0.tar.gz", hash = "sha256:dc983d19a509c94dba722ee6abd33940f7c05a89e243c47e907eb4db6f1a43e5", size = 113555, upload-time = "2026-07-02T08:40:05.92Z" }
wheels = [
    { url = "https://files.pythonhosted.org/packages/49/d3/b8441a820a491ddfc024b0b0cf0393375b75ea13866d9c66727e54c2fc80/typing_extensions-4.16.0-py3-none-any.whl", hash = "sha256:481caa481374e813c1b176ada14e97f1f67a4539ce9cfeb3f350d78d6370c2e8", size = 45571, upload-time = "2026-07-02T08:40:04.659Z" },
]

[[package]]
name = "websockets"
version = "17.0.1"
source = { registry = "https://pypi.org/simple" }
sdist = { url = "https://files.pythonhosted.org/packages/f7/96/e01084f83a64bcb3a27994bd0cb0db68ff29d9c6707fae37ec19b18ba990/websockets-17.0.1.tar.gz", hash = "sha256:5baa9bc0dfbae8c507e51c8cf1b6d4628086f7a87bbd3a9952bd5f035451f1cc", size = 183298, upload-time = "2026-07-31T11:31:27.665Z" }
wheels = [
    { url = "https://files.pythonhosted.org/packages/98/dc/cadab608924ac605647031472fb1f8792d7d4ea07565ba1899ec42028e0d/websockets-17.0.1-cp314-cp314-macosx_10_15_universal2.whl", hash = "sha256:53b90c00bc6201ab6695c7ff51a04d0e425514c37515e9eeecd2c1b978ac6c0e", size = 212640, upload-time = "2026-07-31T11:30:22.436Z" },
    { url = "https://files.pythonhosted.org/packages/16/7a/b034d13ca181211bbd58bb50835cb196a7784cd505b5a2079d4d03374f9f/websockets-17.0.1-cp314-cp314-macosx_10_15_x86_64.whl", hash = "sha256:5f33a649bfcb8312524173cc4bbafa7dbb236e18eee9aa31a1d324ca0ddda28c", size = 210332, upload-time = "2026-07-31T11:30:23.608Z" },
    { url = "https://files.pythonhosted.org/packages/2f/4d/943ede39b53744768edf1ed84a3f9401527388228a3d6c1249c02c3d6bd7/websockets-17.0.1-cp314-cp314-macosx_11_0_arm64.whl", hash = "sha256:cddc675ec31bca65473321f9a9794e488b43b3b8de5d02c8ef4810c5d5792163", size = 210546, upload-time = "2026-07-31T11:30:24.932Z" },
    { url = "https://files.pythonhosted.org/packages/cf/e3/88dc159d2ae66743c669443246243f28d873b0c5e58271b8cc1ca0440334/websockets-17.0.1-cp314-cp314-manylinux1_i686.manylinux_2_28_i686.manylinux_2_5_i686.whl", hash = "sha256:b3ff0ad440ad52dda64138f16895f66403f40192365e39b1010e889f289746b0", size = 219928, upload-time = "2026-07-31T11:30:26.221Z" },
    { url = "https://files.pythonhosted.org/packages/fe/f2/ff27eaefa15851a5cf7f004ab827a022bf2d6632cb520f89cb100db7e84b/websockets-17.0.1-cp314-cp314-manylinux1_x86_64.manylinux_2_28_x86_64.manylinux_2_5_x86_64.whl", hash = "sha256:72d7f2a5aeb4e82daa4ee18f125b4277f427033359be5c745ad709608446cc2c", size = 220279, upload-time = "2026-07-31T11:30:27.49Z" },
    { url = "https://files.pythonhosted.org/packages/19/2e/a5166149f363d2449c1cb2dde6486a245521979509d53b87a09f3e79662b/websockets-17.0.1-cp314-cp314-manylinux2014_aarch64.manylinux_2_17_aarch64.manylinux_2_28_aarch64.whl", hash = "sha256:6fd88365da261c53d3e943fb37e0d0721b9cde119f6b2e3fc84369b6ab234d63", size = 221525, upload-time = "2026-07-31T11:30:28.872Z" },
    { url = "https://files.pythonhosted.org/packages/9b/b5/f46931269b3ff3bde65d27c65ddb22f9bb8ce92ac2c6c4df0910128f6219/websockets-17.0.1-cp314-cp314-manylinux2014_armv7l.manylinux_2_17_armv7l.manylinux_2_31_armv7l.whl", hash = "sha256:ab9f962a5b64a5c3c845d556b7dc4e6fb683f7b67179f8205e814bb2e0213ffe", size = 222897, upload-time = "2026-07-31T11:30:30.164Z" },
    { url = "https://files.pythonhosted.org/packages/42/f4/deccf3439f35df953ec35e13fe07986821c5f1ab5785d69614283bdb9034/websockets-17.0.1-cp314-cp314-manylinux2014_ppc64le.manylinux_2_17_ppc64le.manylinux_2_28_ppc64le.whl", hash = "sha256:8c07f145d0b9e90cbd96035f31fb79199aef4da1872854e36ebeb258e3d57594", size = 222129, upload-time = "2026-07-31T11:30:31.489Z" },
    { url = "https://files.pythonhosted.org/packages/35/a5/e1b57a59da92ade37fd021567a17b518ea8267b28e5530075844cdb525fe/websockets-17.0.1-cp314-cp314-manylinux2014_s390x.manylinux_2_17_s390x.manylinux_2_28_s390x.whl", hash = "sha256:9f7747d3daa41a11f25f7cca5dc988fc51da97b311bed4c9d843860f79779283", size = 220875, upload-time = "2026-07-31T11:30:32.805Z" },
    { url = "https://files.pythonhosted.org/packages/f0/30/e7d0889c790a854156de424575fd67af79ddbaed9ff3157ae863dfd1c1dc/websockets-17.0.1-cp314-cp314-manylinux_2_31_riscv64.manylinux_2_39_riscv64.whl", hash = "sha256:2abb1ba0a5133b7d2ef3c1c9f4b0c1e8a101012dce0b594ab2b2888d9a64820e", size = 218160, upload-time = "2026-07-31T11:30:34.512Z" },
    { url = "https://files.pythonhosted.org/packages/09/2e/43db785d6ed9ae7594fae7b62bbc9cb4dfee2b015e06a1005f1e5ce283b6/websockets-17.0.1-cp314-cp314-musllinux_1_2_aarch64.whl", hash = "sha256:f3fd9a1f87f8f0f3f8e9f9bd0195f7516562d13f5b178db8c5784d1f60b60bed", size = 220951, upload-time = "2026-07-31T11:30:35.806Z" },
    { url = "https://files.pythonhosted.org/packages/eb/f5/4ac3cab3d5e8a830657a822f64a8910e3803229c6783e59c3fd9a3487427/websockets-17.0.1-cp314-cp314-musllinux_1_2_armv7l.whl", hash = "sha256:2bc14b481e05e331811108daa1aeb41a5e237a5564ef2f02ec5a356a0f102f78", size = 219460, upload-time = "2026-07-31T11:30:37.273Z" },
    { url = "https://files.pythonhosted.org/packages/03/0e/c3a4020673ffc17c82cf1a467835038a196a555d3b4f2a50f0f063cf8ccc/websockets-17.0.1-cp314-cp314-musllinux_1_2_i686.whl", hash = "sha256:57d2ee9b24b404ce75f3814f92073c0ed88106c950148d2427fe8d25ca254d1f", size = 220248, upload-time = "2026-07-31T11:30:38.527Z" },
    { url = "https://files.pythonhosted.org/packages/7d/87/e47a6a278cc1dfade38444c893ce18322943c25d4b780a74450d9d164be1/websockets-17.0.1-cp314-cp314-musllinux_1_2_ppc64le.whl", hash = "sha256:1b363bfd72a52c0658a3154a4cff219f15a474b35a235057d38853bf151acce7", size = 221421, upload-time = "2026-07-31T11:30:39.879Z" },
    { url = "https://files.pythonhosted.org/packages/da/8f/473d5fc4e3836e375b0233c6ef26777e6e5e3f7bfc84ccd524eae4090ed5/websockets-17.0.1-cp314-cp314-musllinux_1_2_riscv64.whl", hash = "sha256:10b1587c599fa0f2c89154587c80e0fda98ade6c9fa8c0260a2823fb1800b685", size = 218975, upload-time = "2026-07-31T11:30:41.192Z" },
    { url = "https://files.pythonhosted.org/packages/d4/b9/819ec2dcdf69031d7e9cab11247f3a6ff9bbc8c7c53ada1dbcb9055b227b/websockets-17.0.1-cp314-cp314-musllinux_1_2_s390x.whl", hash = "sha256:d7d72843691f50b91127c50688df10cb72ec6f4c4b1d7e2c11ab33b16acf8e51", size = 219925, upload-time = "2026-07-31T11:30:42.524Z" },
    { url = "https://files.pythonhosted.org/packages/85/b9/6c0da301f6118502e079cf92f4e864adf28e56b3f8c0f6085076ced7b876/websockets-17.0.1-cp314-cp314-musllinux_1_2_x86_64.whl", hash = "sha256:90973a3a00f23afdfd1c9b06fb84289bf0220f247ef8a62501a1967c7af54f7b", size = 220218, upload-time = "2026-07-31T11:30:44.04Z" },
    { url = "https://files.pythonhosted.org/packages/55/f9/cba32dc9dd856565263d6272f594255bd0e2781deb8cd982c026a54760ad/websockets-17.0.1-cp314-cp314-win32.whl", hash = "sha256:599b03beb77633bffc095334338fad79cafc2b01fbd58953838130a9ae967d7b", size = 212626, upload-time = "2026-07-31T11:30:45.579Z" },
    { url = "https://files.pythonhosted.org/packages/fa/95/91cdd8c192287d7ea741f37cf7d64fdc1a14410f06f73805e428a1a590af/websockets-17.0.1-cp314-cp314-win_amd64.whl", hash = "sha256:81ce19c6046ace11da7001781be7317bb1dc389f399af4b2ed962190f76f9add", size = 212969, upload-time = "2026-07-31T11:30:46.983Z" },
    { url = "https://files.pythonhosted.org/packages/8e/fd/8c98a1e431960661c5769ab1a4dd66494e87ab02d791cc79e51e0d9a289f/websockets-17.0.1-cp314-cp314-win_arm64.whl", hash = "sha256:efe0ae052a8d023b87198921e8a7ce1dc7768816bcd2fbc20df171ac73a04891", size = 212850, upload-time = "2026-07-31T11:30:48.304Z" },
    { url = "https://files.pythonhosted.org/packages/13/c1/142f5186ee7dc3beee0426b998a79e223e067b7689afcaa95890d64aa800/websockets-17.0.1-cp314-cp314t-macosx_10_15_universal2.whl", hash = "sha256:ab56439c9f74c52770690c7b2f616b3bf775cb3920453ee355ac765c032d8bbf", size = 212967, upload-time = "2026-07-31T11:30:49.688Z" },
    { url = "https://files.pythonhosted.org/packages/02/de/4b03ed316c9dee180365286c298219809ff247be39beeaaf9958b21167ab/websockets-17.0.1-cp314-cp314t-macosx_10_15_x86_64.whl", hash = "sha256:20a92f78ac8250984ed459faa9ca48c285adbfc0038ddc3fdac6046990a9c9ed", size = 210504, upload-time = "2026-07-31T11:30:50.987Z" },
    { url = "https://files.pythonhosted.org/packages/cd/d8/ad2b3e8f867e1e8cac3077e2f33ffb60b71bd763d6cfc71bd916f113c3bf/websockets-17.0.1-cp314-cp314t-macosx_11_0_arm64.whl", hash = "sha256:6a434e59962a4fb9016bea327e1d14d6cd67670ecfb8942b4f4a0c24036634ce", size = 210702, upload-time = "2026-07-31T11:30:52.261Z" },
    { url = "https://files.pythonhosted.org/packages/48/18/7a77a82ce9d6f831c07b176da3942f7e71acd0f115f3ecdb1d00a040eb01/websockets-17.0.1-cp314-cp314t-manylinux1_i686.manylinux_2_28_i686.manylinux_2_5_i686.whl", hash = "sha256:2503c7e2a5049a12d5dac917a46d5d52591283a766165b8176bb167560421b38", size = 220290, upload-time = "2026-07-31T11:30:53.582Z" },
    { url = "https://files.pythonhosted.org/packages/f5/af/43c3e3c3ea7ba4693c2181743f3221957df28bededadcbd9fc8a0661bde0/websockets-17.0.1-cp314-cp314t-manylinux1_x86_64.manylinux_2_28_x86_64.manylinux_2_5_x86_64.whl", hash = "sha256:28012a54510fe8301bb893ef143cec30a2780a2d3bc20b7bbdf4379d7a63945d", size = 220573, upload-time = "2026-07-31T11:30:54.966Z" },
    { url = "https://files.pythonhosted.org/packages/1f/bd/ed48eca15725743ee7e2dc172e15c61de29e85ec98dace7b14257f366836/websockets-17.0.1-cp314-cp314t-manylinux2014_aarch64.manylinux_2_17_aarch64.manylinux_2_28_aarch64.whl", hash = "sha256:22bd00f8bae2bccdb5dbe41e20f58ba44ca9fff0b4b561aaf39099c35da762ed", size = 221747, upload-time = "2026-07-31T11:30:56.762Z" },
    { url = "https://files.pythonhosted.org/packages/99/50/838deb7937a8225c4925dd4a977eafea473fabf444178a99de0bc7e92bb0/websockets-17.0.1-cp314-cp314t-manylinux2014_armv7l.manylinux_2_17_armv7l.manylinux_2_31_armv7l.whl", hash = "sha256:e98ec9ec61cce5bc4b8b218322ad090b0994eb060bb04da704c62ef0a3d864e6", size = 223891, upload-time = "2026-07-31T11:30:58.127Z" },
    { url = "https://files.pythonhosted.org/packages/f8/e9/657fb70c6eb6bcd01adfa5d2b06496e9911e1c1a8813d353b8c00f7591cd/websockets-17.0.1-cp314-cp314t-manylinux2014_ppc64le.manylinux_2_17_ppc64le.manylinux_2_28_ppc64le.whl", hash = "sha256:8e387adb0c692c6b5571bdeafc8ac9d1901ea30f10309134780b16ecd35e6605", size = 222317, upload-time = "2026-07-31T11:30:59.416Z" },
    { url = "https://files.pythonhosted.org/packages/07/4c/82cb722afa5428fed981331210c4c07600570db01bb1620579f655b5adaf/websockets-17.0.1-cp314-cp314t-manylinux2014_s390x.manylinux_2_17_s390x.manylinux_2_28_s390x.whl", hash = "sha256:bd1470d2c53fe53269bf5619da7725d30dd9b9693f1689f7a85eab8dea734442", size = 221047, upload-time = "2026-07-31T11:31:00.757Z" },
    { url = "https://files.pythonhosted.org/packages/90/84/bd6d67d6bc65f0de0cb50de55dab42f256a9876a351c4736522eb168fda0/websockets-17.0.1-cp314-cp314t-manylinux_2_31_riscv64.manylinux_2_39_riscv64.whl", hash = "sha256:884af729b8ab50486acd94d9768c2b60914bf39b579ebba0a5cb73bfdfd61fd2", size = 218626, upload-time = "2026-07-31T11:31:02.48Z" },
    { url = "https://files.pythonhosted.org/packages/96/cb/6a372c8553976f0d8f97f5115826ed47e34b3be6b8bf0d0249af249a7416/websockets-17.0.1-cp314-cp314t-musllinux_1_2_aarch64.whl", hash = "sha256:a60fa1a25cca1bcc2bf87b8d6be37a741f0a3239fb5e9cfb7a37173b68ffcf87", size = 221299, upload-time = "2026-07-31T11:31:03.795Z" },
    { url = "https://files.pythonhosted.org/packages/bc/31/f966e8472337974f74d788b3ef6c6f3b8b9a5f201efd16a843c91d269fa5/websockets-17.0.1-cp314-cp314t-musllinux_1_2_armv7l.whl", hash = "sha256:e8208f2729cba030ff872a92064c97584eeb9502f53d32a05a0f05d5a17ca6c6", size = 219789, upload-time = "2026-07-31T11:31:05.08Z" },
    { url = "https://files.pythonhosted.org/packages/57/34/404e83a6cc7b0efcac810b7041bffd72ff76900e6fd0aa45a26c92fb2ffe/websockets-17.0.1-cp314-cp314t-musllinux_1_2_i686.whl", hash = "sha256:54cdcaa56f5d3eafd57058f0fa4a3de93a310b43a3c4699f06efc4c0bd054a5a", size = 220678, upload-time = "2026-07-31T11:31:06.635Z" },
    { url = "https://files.pythonhosted.org/packages/e5/70/8946188c2a68d67251859b589a3634918cf7867bf0b891347a5ecaa43d30/websockets-17.0.1-cp314-cp314t-musllinux_1_2_ppc64le.whl", hash = "sha256:4d41c0a1d47a478bc432b3b9068097bee1ce0c5b19327ea6f75c2ab34ab1f2fb", size = 221697, upload-time = "2026-07-31T11:31:08.023Z" },
    { url = "https://files.pythonhosted.org/packages/04/16/ee73fc2083a2938ac6209f4ec804960496835b20a0068dbcfe8424957c04/websockets-17.0.1-cp314-cp314t-musllinux_1_2_riscv64.whl", hash = "sha256:f991247276797d0c61ab7770bc9791eadc16f683b4d83517f624932adc1a8bab", size = 219390, upload-time = "2026-07-31T11:31:09.378Z" },
    { url = "https://files.pythonhosted.org/packages/94/6a/d5f88033c69932af6cdaa72da62516ade47c257e3bf69f4c0ba5f40e12a2/websockets-17.0.1-cp314-cp314t-musllinux_1_2_s390x.whl", hash = "sha256:733e3cc7171fa1b899edbe725ef9382d0e960657dc1fd933f3281ae910c01dab", size = 220161, upload-time = "2026-07-31T11:31:10.915Z" },
    { url = "https://files.pythonhosted.org/packages/e1/2e/6183dd2c0370287ecf4afe0bb33aca364208e5e7b0e1a286adcaecc0c78b/websockets-17.0.1-cp314-cp314t-musllinux_1_2_x86_64.whl", hash = "sha256:810cb3fb5fa6e447216f4e82d9a85cb8aed0929ae3538153ddfe8a6e3121a58d", size = 220591, upload-time = "2026-07-31T11:31:12.289Z" },
    { url = "https://files.pythonhosted.org/packages/26/93/70f6516d85b9744f7eac224c4b1b9ef4e84133f80b53be02080cb1c3e663/websockets-17.0.1-cp314-cp314t-win32.whl", hash = "sha256:17ac37716c0244e82c9e384c41653c090b1864c6610224ca3857e7f7b58fce10", size = 212755, upload-time = "2026-07-31T11:31:13.883Z" },
    { url = "https://files.pythonhosted.org/packages/f1/2c/9d9c1da5a7ea9af307b386d25f64d1dead4729644198d2b92e36db5dfd41/websockets-17.0.1-cp314-cp314t-win_amd64.whl", hash = "sha256:bb31f42ea095ea826463c770829aa188a86c9a5c976b1467cbbf583c811de833", size = 213094, upload-time = "2026-07-31T11:31:15.367Z" },
    { url = "https://files.pythonhosted.org/packages/5b/24/a585e7573e128070605d003b5544729bcd58d9756c7e99d550818ca4b916/websockets-17.0.1-cp314-cp314t-win_arm64.whl", hash = "sha256:dbfae8e75b342e31fc6fd1a8bbb393b7cbb91d6cfd581650300a94381e7b7e2b", size = 213009, upload-time = "2026-07-31T11:31:16.776Z" },
    { url = "https://files.pythonhosted.org/packages/09/ce/3929538b2b9918f5eee623fbf3346893973191f6df93f19bbda097bd7bb7/websockets-17.0.1-py3-none-any.whl", hash = "sha256:c6be9cba65c65cc76dfa3d4619e359ff02a4476c74e179b215236c11a0b32345", size = 206718, upload-time = "2026-07-31T11:31:26.037Z" },
]
